
Microsoft Visual Studio Solution File, Format Version 12.00
# Visual Studio Version 17
VisualStudioVersion = 17.1.32210.238
MinimumVisualStudioVersion = 10.0.40219.1
Project("{FAE04EC0-301F-11D3-BF4B-00C04F79EFBC}") = "Emlak", "Emlak\Emlak.csproj", "{6B32A65F-6AE9-4A7C-AC8D-6E6B16C6BEEE}"
EndProject
Project("{2150E333-8FDC-42A3-9474-1A3956D46DE8}") = "Solution Items", "Solution Items", "{43D3D926-FAD0-4839-AB4A-208BEFD1CDFF}"
	ProjectSection(SolutionItems) = preProject
		.editorconfig = .editorconfig
	EndProjectSection
EndProject
Global
	GlobalSection(SolutionConfigurationPlatforms) = preSolution
		Debug|Any CPU = Debug|Any CPU
		Release|Any CPU = Release|Any CPU
	EndGlobalSection
	GlobalSection(ProjectConfigurationPlatforms) = postSolution
		{6B32A65F-6AE9-4A7C-AC8D-6E6B16C6BEEE}.Debug|Any CPU.ActiveCfg = Debug|Any CPU
		{6B32A65F-6AE9-4A7C-AC8D-6E6B16C6BEEE}.Debug|Any CPU.Build.0 = Debug|Any CPU
		{6B32A65F-6AE9-4A7C-AC8D-6E6B16C6BEEE}.Release|Any CPU.ActiveCfg = Release|Any CPU
		{6B32A65F-6AE9-4A7C-AC8D-6E6B16C6BEEE}.Release|Any CPU.Build.0 = Release|Any CPU
	EndGlobalSection
	GlobalSection(SolutionProperties) = preSolution
		HideSolutionNode = FALSE
	EndGlobalSection
	GlobalSection(ExtensibilityGlobals) = postSolution
		SolutionGuid = {14C44E56-2697-41E3-8F86-AB5788D7D4D1}
	EndGlobalSection
EndGlobal
